
Microsoft Visual Studio Solution File, Format Version 12.00
# Visual Studio Version 17
VisualStudioVersion = 17.3.32804.467
MinimumVisualStudioVersion = 10.0.40219.1
Project("{FAE04EC0-301F-11D3-BF4B-00C04F79EFBC}") = "TestProject1", "TestProject1\TestProject1.csproj", "{DF44EBB2-8B86-4A1F-B7D5-DEA04D60233A}"
EndProject
Global
	GlobalSection(SolutionConfigurationPlatforms) = preSolution
		Debug|Any CPU = Debug|Any CPU
		Release|Any CPU = Release|Any CPU
	EndGlobalSection
	GlobalSection(ProjectConfigurationPlatforms) = postSolution
		{DF44EBB2-8B86-4A1F-B7D5-DEA04D60233A}.Debug|Any CPU.ActiveCfg = Debug|Any CPU
		{DF44EBB2-8B86-4A1F-B7D5-DEA04D60233A}.Debug|Any CPU.Build.0 = Debug|Any CPU
		{DF44EBB2-8B86-4A1F-B7D5-DEA04D60233A}.Release|Any CPU.ActiveCfg = Release|Any CPU
		{DF44EBB2-8B86-4A1F-B7D5-DEA04D60233A}.Release|Any CPU.Build.0 = Release|Any CPU
	EndGlobalSection
	GlobalSection(SolutionProperties) = preSolution
		HideSolutionNode = FALSE
	EndGlobalSection
	GlobalSection(ExtensibilityGlobals) = postSolution
		SolutionGuid = {5F7DA631-4935-49BC-9B66-A243BB679131}
	EndGlobalSection
EndGlobal
